
Microsoft Visual Studio Solution File, Format Version 12.00
# Visual Studio 15
VisualStudioVersion = 15.0.26730.15
MinimumVisualStudioVersion = 10.0.40219.1
Project("{8BC9CEB8-8B4A-11D0-8D11-00A0C91BC942}") = "教程", "教程\教程.vcxproj", "{0A26B8A2-3342-4454-859F-76B630A91A41}"
EndProject
Project("{8BC9CEB8-8B4A-11D0-8D11-00A0C91BC942}") = "数据类型", "数据类型\数据类型.vcxproj", "{0D1D2D97-6C17-40EE-B3E6-602496E20D6B}"
EndProject
Project("{8BC9CEB8-8B4A-11D0-8D11-00A0C91BC942}") = "变量类型", "变量类型\变量类型.vcxproj", "{0B9349CA-8296-4844-AF59-B67DB257C4AB}"
EndProject
Project("{8BC9CEB8-8B4A-11D0-8D11-00A0C91BC942}") = "变量作用域", "变量作用域\变量作用域.vcxproj", "{A629CCB1-0E17-4E7D-A062-ED8ECA0271EE}"
EndProject
Project("{8BC9CEB8-8B4A-11D0-8D11-00A0C91BC942}") = "常量", "常量\常量.vcxproj", "{534BACEE-5769-4EFB-A314-5FFF1C5A3257}"
EndProject
Project("{8BC9CEB8-8B4A-11D0-8D11-00A0C91BC942}") = "修饰符类型", "修饰符类型\修饰符类型.vcxproj", "{D01D12C5-FC19-494E-AE3F-29DF8328BCC9}"
EndProject
Project("{8BC9CEB8-8B4A-11D0-8D11-00A0C91BC942}") = "存储类", "存储类\存储类.vcxproj", "{402E262C-4EFD-4E74-A608-8485D405371B}"
EndProject
Project("{8BC9CEB8-8B4A-11D0-8D11-00A0C91BC942}") = "运算符", "运算符\运算符.vcxproj", "{A67B6B1E-A2DC-4AB5-9D32-25CA6D631C3E}"
EndProject
Project("{8BC9CEB8-8B4A-11D0-8D11-00A0C91BC942}") = "循环", "循环\循环.vcxproj", "{8978AAF9-4241-48A0-8959-9018537EDDDE}"
EndProject
Project("{8BC9CEB8-8B4A-11D0-8D11-00A0C91BC942}") = "判断", "判断\判断.vcxproj", "{1B7527B4-62D0-4598-86BA-093F0F69E975}"
EndProject
Project("{8BC9CEB8-8B4A-11D0-8D11-00A0C91BC942}") = "函数", "函数\函数.vcxproj", "{796CF1FC-9731-4809-8022-E8D98A8CFDC2}"
EndProject
Project("{8BC9CEB8-8B4A-11D0-8D11-00A0C91BC942}") = "数字", "数字\数字.vcxproj", "{5BFDEBB1-396A-43AA-ABE6-F4A659A3BECC}"
EndProject
Project("{8BC9CEB8-8B4A-11D0-8D11-00A0C91BC942}") = "数组", "数组\数组.vcxproj", "{C6787BDD-37B4-4C36-AD1D-6727CF714EF1}"
EndProject
Project("{8BC9CEB8-8B4A-11D0-8D11-00A0C91BC942}") = "字符串", "字符串\字符串.vcxproj", "{9D4C441D-8C46-4555-A9CA-BAA463B9B557}"
EndProject
Project("{8BC9CEB8-8B4A-11D0-8D11-00A0C91BC942}") = "指针", "指针\指针.vcxproj", "{DAEA96A8-41BA-48AD-97AC-971BB0E5F1DA}"
EndProject
Global
	GlobalSection(SolutionConfigurationPlatforms) = preSolution
		Debug|x64 = Debug|x64
		Debug|x86 = Debug|x86
		Release|x64 = Release|x64
		Release|x86 = Release|x86
	EndGlobalSection
	GlobalSection(ProjectConfigurationPlatforms) = postSolution
		{0A26B8A2-3342-4454-859F-76B630A91A41}.Debug|x64.ActiveCfg = Debug|x64
		{0A26B8A2-3342-4454-859F-76B630A91A41}.Debug|x64.Build.0 = Debug|x64
		{0A26B8A2-3342-4454-859F-76B630A91A41}.Debug|x86.ActiveCfg = Debug|Win32
		{0A26B8A2-3342-4454-859F-76B630A91A41}.Debug|x86.Build.0 = Debug|Win32
		{0A26B8A2-3342-4454-859F-76B630A91A41}.Release|x64.ActiveCfg = Release|x64
		{0A26B8A2-3342-4454-859F-76B630A91A41}.Release|x64.Build.0 = Release|x64
		{0A26B8A2-3342-4454-859F-76B630A91A41}.Release|x86.ActiveCfg = Release|Win32
		{0A26B8A2-3342-4454-859F-76B630A91A41}.Release|x86.Build.0 = Release|Win32
		{0D1D2D97-6C17-40EE-B3E6-602496E20D6B}.Debug|x64.ActiveCfg = Debug|x64
		{0D1D2D97-6C17-40EE-B3E6-602496E20D6B}.Debug|x64.Build.0 = Debug|x64
		{0D1D2D97-6C17-40EE-B3E6-602496E20D6B}.Debug|x86.ActiveCfg = Debug|Win32
		{0D1D2D97-6C17-40EE-B3E6-602496E20D6B}.Debug|x86.Build.0 = Debug|Win32
		{0D1D2D97-6C17-40EE-B3E6-602496E20D6B}.Release|x64.ActiveCfg = Release|x64
		{0D1D2D97-6C17-40EE-B3E6-602496E20D6B}.Release|x64.Build.0 = Release|x64
		{0D1D2D97-6C17-40EE-B3E6-602496E20D6B}.Release|x86.ActiveCfg = Release|Win32
		{0D1D2D97-6C17-40EE-B3E6-602496E20D6B}.Release|x86.Build.0 = Release|Win32
		{0B9349CA-8296-4844-AF59-B67DB257C4AB}.Debug|x64.ActiveCfg = Debug|x64
		{0B9349CA-8296-4844-AF59-B67DB257C4AB}.Debug|x64.Build.0 = Debug|x64
		{0B9349CA-8296-4844-AF59-B67DB257C4AB}.Debug|x86.ActiveCfg = Debug|Win32
		{0B9349CA-8296-4844-AF59-B67DB257C4AB}.Debug|x86.Build.0 = Debug|Win32
		{0B9349CA-8296-4844-AF59-B67DB257C4AB}.Release|x64.ActiveCfg = Release|x64
		{0B9349CA-8296-4844-AF59-B67DB257C4AB}.Release|x64.Build.0 = Release|x64
		{0B9349CA-8296-4844-AF59-B67DB257C4AB}.Release|x86.ActiveCfg = Release|Win32
		{0B9349CA-8296-4844-AF59-B67DB257C4AB}.Release|x86.Build.0 = Release|Win32
		{A629CCB1-0E17-4E7D-A062-ED8ECA0271EE}.Debug|x64.ActiveCfg = Debug|x64
		{A629CCB1-0E17-4E7D-A062-ED8ECA0271EE}.Debug|x64.Build.0 = Debug|x64
		{A629CCB1-0E17-4E7D-A062-ED8ECA0271EE}.Debug|x86.ActiveCfg = Debug|Win32
		{A629CCB1-0E17-4E7D-A062-ED8ECA0271EE}.Debug|x86.Build.0 = Debug|Win32
		{A629CCB1-0E17-4E7D-A062-ED8ECA0271EE}.Release|x64.ActiveCfg = Release|x64
		{A629CCB1-0E17-4E7D-A062-ED8ECA0271EE}.Release|x64.Build.0 = Release|x64
		{A629CCB1-0E17-4E7D-A062-ED8ECA0271EE}.Release|x86.ActiveCfg = Release|Win32
		{A629CCB1-0E17-4E7D-A062-ED8ECA0271EE}.Release|x86.Build.0 = Release|Win32
		{534BACEE-5769-4EFB-A314-5FFF1C5A3257}.Debug|x64.ActiveCfg = Debug|x64
		{534BACEE-5769-4EFB-A314-5FFF1C5A3257}.Debug|x64.Build.0 = Debug|x64
		{534BACEE-5769-4EFB-A314-5FFF1C5A3257}.Debug|x86.ActiveCfg = Debug|Win32
		{534BACEE-5769-4EFB-A314-5FFF1C5A3257}.Debug|x86.Build.0 = Debug|Win32
		{534BACEE-5769-4EFB-A314-5FFF1C5A3257}.Release|x64.ActiveCfg = Release|x64
		{534BACEE-5769-4EFB-A314-5FFF1C5A3257}.Release|x64.Build.0 = Release|x64
		{534BACEE-5769-4EFB-A314-5FFF1C5A3257}.Release|x86.ActiveCfg = Release|Win32
		{534BACEE-5769-4EFB-A314-5FFF1C5A3257}.Release|x86.Build.0 = Release|Win32
		{D01D12C5-FC19-494E-AE3F-29DF8328BCC9}.Debug|x64.ActiveCfg = Debug|x64
		{D01D12C5-FC19-494E-AE3F-29DF8328BCC9}.Debug|x64.Build.0 = Debug|x64
		{D01D12C5-FC19-494E-AE3F-29DF8328BCC9}.Debug|x86.ActiveCfg = Debug|Win32
		{D01D12C5-FC19-494E-AE3F-29DF8328BCC9}.Debug|x86.Build.0 = Debug|Win32
		{D01D12C5-FC19-494E-AE3F-29DF8328BCC9}.Release|x64.ActiveCfg = Release|x64
		{D01D12C5-FC19-494E-AE3F-29DF8328BCC9}.Release|x64.Build.0 = Release|x64
		{D01D12C5-FC19-494E-AE3F-29DF8328BCC9}.Release|x86.ActiveCfg = Release|Win32
		{D01D12C5-FC19-494E-AE3F-29DF8328BCC9}.Release|x86.Build.0 = Release|Win32
		{402E262C-4EFD-4E74-A608-8485D405371B}.Debug|x64.ActiveCfg = Debug|x64
		{402E262C-4EFD-4E74-A608-8485D405371B}.Debug|x64.Build.0 = Debug|x64
		{402E262C-4EFD-4E74-A608-8485D405371B}.Debug|x86.ActiveCfg = Debug|Win32
		{402E262C-4EFD-4E74-A608-8485D405371B}.Debug|x86.Build.0 = Debug|Win32
		{402E262C-4EFD-4E74-A608-8485D405371B}.Release|x64.ActiveCfg = Release|x64
		{402E262C-4EFD-4E74-A608-8485D405371B}.Release|x64.Build.0 = Release|x64
		{402E262C-4EFD-4E74-A608-8485D405371B}.Release|x86.ActiveCfg = Release|Win32
		{402E262C-4EFD-4E74-A608-8485D405371B}.Release|x86.Build.0 = Release|Win32
		{A67B6B1E-A2DC-4AB5-9D32-25CA6D631C3E}.Debug|x64.ActiveCfg = Debug|x64
		{A67B6B1E-A2DC-4AB5-9D32-25CA6D631C3E}.Debug|x64.Build.0 = Debug|x64
		{A67B6B1E-A2DC-4AB5-9D32-25CA6D631C3E}.Debug|x86.ActiveCfg = Debug|Win32
		{A67B6B1E-A2DC-4AB5-9D32-25CA6D631C3E}.Debug|x86.Build.0 = Debug|Win32
		{A67B6B1E-A2DC-4AB5-9D32-25CA6D631C3E}.Release|x64.ActiveCfg = Release|x64
		{A67B6B1E-A2DC-4AB5-9D32-25CA6D631C3E}.Release|x64.Build.0 = Release|x64
		{A67B6B1E-A2DC-4AB5-9D32-25CA6D631C3E}.Release|x86.ActiveCfg = Release|Win32
		{A67B6B1E-A2DC-4AB5-9D32-25CA6D631C3E}.Release|x86.Build.0 = Release|Win32
		{8978AAF9-4241-48A0-8959-9018537EDDDE}.Debug|x64.ActiveCfg = Debug|x64
		{8978AAF9-4241-48A0-8959-9018537EDDDE}.Debug|x64.Build.0 = Debug|x64
		{8978AAF9-4241-48A0-8959-9018537EDDDE}.Debug|x86.ActiveCfg = Debug|Win32
		{8978AAF9-4241-48A0-8959-9018537EDDDE}.Debug|x86.Build.0 = Debug|Win32
		{8978AAF9-4241-48A0-8959-9018537EDDDE}.Release|x64.ActiveCfg = Release|x64
		{8978AAF9-4241-48A0-8959-9018537EDDDE}.Release|x64.Build.0 = Release|x64
		{8978AAF9-4241-48A0-8959-9018537EDDDE}.Release|x86.ActiveCfg = Release|Win32
		{8978AAF9-4241-48A0-8959-9018537EDDDE}.Release|x86.Build.0 = Release|Win32
		{1B7527B4-62D0-4598-86BA-093F0F69E975}.Debug|x64.ActiveCfg = Debug|x64
		{1B7527B4-62D0-4598-86BA-093F0F69E975}.Debug|x64.Build.0 = Debug|x64
		{1B7527B4-62D0-4598-86BA-093F0F69E975}.Debug|x86.ActiveCfg = Debug|Win32
		{1B7527B4-62D0-4598-86BA-093F0F69E975}.Debug|x86.Build.0 = Debug|Win32
		{1B7527B4-62D0-4598-86BA-093F0F69E975}.Release|x64.ActiveCfg = Release|x64
		{1B7527B4-62D0-4598-86BA-093F0F69E975}.Release|x64.Build.0 = Release|x64
		{1B7527B4-62D0-4598-86BA-093F0F69E975}.Release|x86.ActiveCfg = Release|Win32
		{1B7527B4-62D0-4598-86BA-093F0F69E975}.Release|x86.Build.0 = Release|Win32
		{796CF1FC-9731-4809-8022-E8D98A8CFDC2}.Debug|x64.ActiveCfg = Debug|x64
		{796CF1FC-9731-4809-8022-E8D98A8CFDC2}.Debug|x64.Build.0 = Debug|x64
		{796CF1FC-9731-4809-8022-E8D98A8CFDC2}.Debug|x86.ActiveCfg = Debug|Win32
		{796CF1FC-9731-4809-8022-E8D98A8CFDC2}.Debug|x86.Build.0 = Debug|Win32
		{796CF1FC-9731-4809-8022-E8D98A8CFDC2}.Release|x64.ActiveCfg = Release|x64
		{796CF1FC-9731-4809-8022-E8D98A8CFDC2}.Release|x64.Build.0 = Release|x64
		{796CF1FC-9731-4809-8022-E8D98A8CFDC2}.Release|x86.ActiveCfg = Release|Win32
		{796CF1FC-9731-4809-8022-E8D98A8CFDC2}.Release|x86.Build.0 = Release|Win32
		{5BFDEBB1-396A-43AA-ABE6-F4A659A3BECC}.Debug|x64.ActiveCfg = Debug|x64
		{5BFDEBB1-396A-43AA-ABE6-F4A659A3BECC}.Debug|x64.Build.0 = Debug|x64
		{5BFDEBB1-396A-43AA-ABE6-F4A659A3BECC}.Debug|x86.ActiveCfg = Debug|Win32
		{5BFDEBB1-396A-43AA-ABE6-F4A659A3BECC}.Debug|x86.Build.0 = Debug|Win32
		{5BFDEBB1-396A-43AA-ABE6-F4A659A3BECC}.Release|x64.ActiveCfg = Release|x64
		{5BFDEBB1-396A-43AA-ABE6-F4A659A3BECC}.Release|x64.Build.0 = Release|x64
		{5BFDEBB1-396A-43AA-ABE6-F4A659A3BECC}.Release|x86.ActiveCfg = Release|Win32
		{5BFDEBB1-396A-43AA-ABE6-F4A659A3BECC}.Release|x86.Build.0 = Release|Win32
		{C6787BDD-37B4-4C36-AD1D-6727CF714EF1}.Debug|x64.ActiveCfg = Debug|x64
		{C6787BDD-37B4-4C36-AD1D-6727CF714EF1}.Debug|x64.Build.0 = Debug|x64
		{C6787BDD-37B4-4C36-AD1D-6727CF714EF1}.Debug|x86.ActiveCfg = Debug|Win32
		{C6787BDD-37B4-4C36-AD1D-6727CF714EF1}.Debug|x86.Build.0 = Debug|Win32
		{C6787BDD-37B4-4C36-AD1D-6727CF714EF1}.Release|x64.ActiveCfg = Release|x64
		{C6787BDD-37B4-4C36-AD1D-6727CF714EF1}.Release|x64.Build.0 = Release|x64
		{C6787BDD-37B4-4C36-AD1D-6727CF714EF1}.Release|x86.ActiveCfg = Release|Win32
		{C6787BDD-37B4-4C36-AD1D-6727CF714EF1}.Release|x86.Build.0 = Release|Win32
		{9D4C441D-8C46-4555-A9CA-BAA463B9B557}.Debug|x64.ActiveCfg = Debug|x64
		{9D4C441D-8C46-4555-A9CA-BAA463B9B557}.Debug|x64.Build.0 = Debug|x64
		{9D4C441D-8C46-4555-A9CA-BAA463B9B557}.Debug|x86.ActiveCfg = Debug|Win32
		{9D4C441D-8C46-4555-A9CA-BAA463B9B557}.Debug|x86.Build.0 = Debug|Win32
		{9D4C441D-8C46-4555-A9CA-BAA463B9B557}.Release|x64.ActiveCfg = Release|x64
		{9D4C441D-8C46-4555-A9CA-BAA463B9B557}.Release|x64.Build.0 = Release|x64
		{9D4C441D-8C46-4555-A9CA-BAA463B9B557}.Release|x86.ActiveCfg = Release|Win32
		{9D4C441D-8C46-4555-A9CA-BAA463B9B557}.Release|x86.Build.0 = Release|Win32
		{DAEA96A8-41BA-48AD-97AC-971BB0E5F1DA}.Debug|x64.ActiveCfg = Debug|x64
		{DAEA96A8-41BA-48AD-97AC-971BB0E5F1DA}.Debug|x64.Build.0 = Debug|x64
		{DAEA96A8-41BA-48AD-97AC-971BB0E5F1DA}.Debug|x86.ActiveCfg = Debug|Win32
		{DAEA96A8-41BA-48AD-97AC-971BB0E5F1DA}.Debug|x86.Build.0 = Debug|Win32
		{DAEA96A8-41BA-48AD-97AC-971BB0E5F1DA}.Release|x64.ActiveCfg = Release|x64
		{DAEA96A8-41BA-48AD-97AC-971BB0E5F1DA}.Release|x64.Build.0 = Release|x64
		{DAEA96A8-41BA-48AD-97AC-971BB0E5F1DA}.Release|x86.ActiveCfg = Release|Win32
		{DAEA96A8-41BA-48AD-97AC-971BB0E5F1DA}.Release|x86.Build.0 = Release|Win32
	EndGlobalSection
	GlobalSection(SolutionProperties) = preSolution
		HideSolutionNode = FALSE
	EndGlobalSection
	GlobalSection(ExtensibilityGlobals) = postSolution
		SolutionGuid = {AD0D371D-4DDA-413A-A5F3-71DAC2630965}
	EndGlobalSection
EndGlobal
