
Microsoft Visual Studio Solution File, Format Version 12.00
# Visual Studio 15
VisualStudioVersion = 15.0.26730.15
MinimumVisualStudioVersion = 10.0.40219.1
Project("{8BC9CEB8-8B4A-11D0-8D11-00A0C91BC942}") = "教程", "教程\教程.vcxproj", "{0A26B8A2-3342-4454-859F-76B630A91A41}"
EndProject
Project("{8BC9CEB8-8B4A-11D0-8D11-00A0C91BC942}") = "数据类型", "数据类型\数据类型.vcxproj", "{0D1D2D97-6C17-40EE-B3E6-602496E20D6B}"
EndProject
Project("{8BC9CEB8-8B4A-11D0-8D11-00A0C91BC942}") = "变量类型", "变量类型\变量类型.vcxproj", "{0B9349CA-8296-4844-AF59-B67DB257C4AB}"
EndProject
Project("{8BC9CEB8-8B4A-11D0-8D11-00A0C91BC942}") = "变量作用域", "变量作用域\变量作用域.vcxproj", "{A629CCB1-0E17-4E7D-A062-ED8ECA0271EE}"
EndProject
Project("{8BC9CEB8-8B4A-11D0-8D11-00A0C91BC942}") = "常量", "常量\常量.vcxproj", "{534BACEE-5769-4EFB-A314-5FFF1C5A3257}"
EndProject
Project("{8BC9CEB8-8B4A-11D0-8D11-00A0C91BC942}") = "修饰符类型", "修饰符类型\修饰符类型.vcxproj", "{D01D12C5-FC19-494E-AE3F-29DF8328BCC9}"
EndProject
Project("{8BC9CEB8-8B4A-11D0-8D11-00A0C91BC942}") = "存储类", "存储类\存储类.vcxproj", "{402E262C-4EFD-4E74-A608-8485D405371B}"
EndProject
Project("{8BC9CEB8-8B4A-11D0-8D11-00A0C91BC942}") = "运算符", "运算符\运算符.vcxproj", "{A67B6B1E-A2DC-4AB5-9D32-25CA6D631C3E}"
EndProject
Project("{8BC9CEB8-8B4A-11D0-8D11-00A0C91BC942}") = "循环", "循环\循环.vcxproj", "{8978AAF9-4241-48A0-8959-9018537EDDDE}"
EndProject
Project("{8BC9CEB8-8B4A-11D0-8D11-00A0C91BC942}") = "判断", "判断\判断.vcxproj", "{1B7527B4-62D0-4598-86BA-093F0F69E975}"
EndProject
Project("{8BC9CEB8-8B4A-11D0-8D11-00A0C91BC942}") = "函数", "函数\函数.vcxproj", "{796CF1FC-9731-4809-8022-E8D98A8CFDC2}"
EndProject
Project("{8BC9CEB8-8B4A-11D0-8D11-00A0C91BC942}") = "数字", "数字\数字.vcxproj", "{5BFDEBB1-396A-43AA-ABE6-F4A659A3BECC}"
EndProject
Project("{8BC9CEB8-8B4A-11D0-8D11-00A0C91BC942}") = "数组", "数组\数组.vcxproj", "{C6787BDD-37B4-4C36-AD1D-6727CF714EF1}"
EndProject
Project("{8BC9CEB8-8B4A-11D0-8D11-00A0C91BC942}") = "字符串", "字符串\字符串.vcxproj", "{9D4C441D-8C46-4555-A9CA-BAA463B9B557}"
EndProject
Project("{8BC9CEB8-8B4A-11D0-8D11-00A0C91BC942}") = "指针", "指针\指针.vcxproj", "{DAEA96A8-41BA-48AD-97AC-971BB0E5F1DA}"
EndProject
Project("{8BC9CEB8-8B4A-11D0-8D11-00A0C91BC942}") = "引用", "引用\引用.vcxproj", "{DEA3AE74-B189-4ED9-BFB1-F56693EEECBB}"
EndProject
Project("{8BC9CEB8-8B4A-11D0-8D11-00A0C91BC942}") = "日期and时间", "日期and时间\日期and时间.vcxproj", "{11EE5961-D0A1-42D2-8257-FE7E05C5CF81}"
EndProject
Project("{8BC9CEB8-8B4A-11D0-8D11-00A0C91BC942}") = "基本的输入输出", "基本的输入输出\基本的输入输出.vcxproj", "{D1EF2ECA-83AD-44BF-80D8-225DBA8899CB}"
EndProject
Project("{8BC9CEB8-8B4A-11D0-8D11-00A0C91BC942}") = "数据结构", "数据结构\数据结构.vcxproj", "{8159F1AE-38D9-4F9C-B3E0-3663CC2A6388}"
EndProject
Project("{8BC9CEB8-8B4A-11D0-8D11-00A0C91BC942}") = "类and对象", "类and对象\类and对象.vcxproj", "{F04550A3-43D7-464A-BD9A-9D13C1D8604D}"
EndProject
Project("{8BC9CEB8-8B4A-11D0-8D11-00A0C91BC942}") = "文件和流", "文件和流\文件和流.vcxproj", "{80DC73D0-B265-4F5F-9295-7A0DF1FBC579}"
EndProject
Project("{8BC9CEB8-8B4A-11D0-8D11-00A0C91BC942}") = "异常处理", "异常处理\异常处理.vcxproj", "{B742624A-DC75-4712-B223-E79EDAAB07A4}"
EndProject
Project("{8BC9CEB8-8B4A-11D0-8D11-00A0C91BC942}") = "动态内存", "动态内存\动态内存.vcxproj", "{81A41B9D-A71B-4682-948F-56244C064B1F}"
EndProject
Project("{8BC9CEB8-8B4A-11D0-8D11-00A0C91BC942}") = "命名空间", "命名空间\命名空间.vcxproj", "{6665DB4B-F146-46C2-824D-C124FD09FC6C}"
EndProject
Project("{8BC9CEB8-8B4A-11D0-8D11-00A0C91BC942}") = "模板", "模板\模板.vcxproj", "{7888D505-CCE1-4CB6-90D7-E677A66DAD8E}"
EndProject
Project("{8BC9CEB8-8B4A-11D0-8D11-00A0C91BC942}") = "预处理器", "预处理器\预处理器.vcxproj", "{01961AF5-2ECB-4DA4-B47D-2EA4889AC19E}"
EndProject
Project("{8BC9CEB8-8B4A-11D0-8D11-00A0C91BC942}") = "信号处理", "信号处理\信号处理.vcxproj", "{0BE7D75B-A22F-49D7-87C4-E5BFE9FB12B6}"
EndProject
Global
	GlobalSection(SolutionConfigurationPlatforms) = preSolution
		Debug|x64 = Debug|x64
		Debug|x86 = Debug|x86
		Release|x64 = Release|x64
		Release|x86 = Release|x86
	EndGlobalSection
	GlobalSection(ProjectConfigurationPlatforms) = postSolution
		{0A26B8A2-3342-4454-859F-76B630A91A41}.Debug|x64.ActiveCfg = Debug|x64
		{0A26B8A2-3342-4454-859F-76B630A91A41}.Debug|x64.Build.0 = Debug|x64
		{0A26B8A2-3342-4454-859F-76B630A91A41}.Debug|x86.ActiveCfg = Debug|Win32
		{0A26B8A2-3342-4454-859F-76B630A91A41}.Debug|x86.Build.0 = Debug|Win32
		{0A26B8A2-3342-4454-859F-76B630A91A41}.Release|x64.ActiveCfg = Release|x64
		{0A26B8A2-3342-4454-859F-76B630A91A41}.Release|x64.Build.0 = Release|x64
		{0A26B8A2-3342-4454-859F-76B630A91A41}.Release|x86.ActiveCfg = Release|Win32
		{0A26B8A2-3342-4454-859F-76B630A91A41}.Release|x86.Build.0 = Release|Win32
		{0D1D2D97-6C17-40EE-B3E6-602496E20D6B}.Debug|x64.ActiveCfg = Debug|x64
		{0D1D2D97-6C17-40EE-B3E6-602496E20D6B}.Debug|x64.Build.0 = Debug|x64
		{0D1D2D97-6C17-40EE-B3E6-602496E20D6B}.Debug|x86.ActiveCfg = Debug|Win32
		{0D1D2D97-6C17-40EE-B3E6-602496E20D6B}.Debug|x86.Build.0 = Debug|Win32
		{0D1D2D97-6C17-40EE-B3E6-602496E20D6B}.Release|x64.ActiveCfg = Release|x64
		{0D1D2D97-6C17-40EE-B3E6-602496E20D6B}.Release|x64.Build.0 = Release|x64
		{0D1D2D97-6C17-40EE-B3E6-602496E20D6B}.Release|x86.ActiveCfg = Release|Win32
		{0D1D2D97-6C17-40EE-B3E6-602496E20D6B}.Release|x86.Build.0 = Release|Win32
		{0B9349CA-8296-4844-AF59-B67DB257C4AB}.Debug|x64.ActiveCfg = Debug|x64
		{0B9349CA-8296-4844-AF59-B67DB257C4AB}.Debug|x64.Build.0 = Debug|x64
		{0B9349CA-8296-4844-AF59-B67DB257C4AB}.Debug|x86.ActiveCfg = Debug|Win32
		{0B9349CA-8296-4844-AF59-B67DB257C4AB}.Debug|x86.Build.0 = Debug|Win32
		{0B9349CA-8296-4844-AF59-B67DB257C4AB}.Release|x64.ActiveCfg = Release|x64
		{0B9349CA-8296-4844-AF59-B67DB257C4AB}.Release|x64.Build.0 = Release|x64
		{0B9349CA-8296-4844-AF59-B67DB257C4AB}.Release|x86.ActiveCfg = Release|Win32
		{0B9349CA-8296-4844-AF59-B67DB257C4AB}.Release|x86.Build.0 = Release|Win32
		{A629CCB1-0E17-4E7D-A062-ED8ECA0271EE}.Debug|x64.ActiveCfg = Debug|x64
		{A629CCB1-0E17-4E7D-A062-ED8ECA0271EE}.Debug|x64.Build.0 = Debug|x64
		{A629CCB1-0E17-4E7D-A062-ED8ECA0271EE}.Debug|x86.ActiveCfg = Debug|Win32
		{A629CCB1-0E17-4E7D-A062-ED8ECA0271EE}.Debug|x86.Build.0 = Debug|Win32
		{A629CCB1-0E17-4E7D-A062-ED8ECA0271EE}.Release|x64.ActiveCfg = Release|x64
		{A629CCB1-0E17-4E7D-A062-ED8ECA0271EE}.Release|x64.Build.0 = Release|x64
		{A629CCB1-0E17-4E7D-A062-ED8ECA0271EE}.Release|x86.ActiveCfg = Release|Win32
		{A629CCB1-0E17-4E7D-A062-ED8ECA0271EE}.Release|x86.Build.0 = Release|Win32
		{534BACEE-5769-4EFB-A314-5FFF1C5A3257}.Debug|x64.ActiveCfg = Debug|x64
		{534BACEE-5769-4EFB-A314-5FFF1C5A3257}.Debug|x64.Build.0 = Debug|x64
		{534BACEE-5769-4EFB-A314-5FFF1C5A3257}.Debug|x86.ActiveCfg = Debug|Win32
		{534BACEE-5769-4EFB-A314-5FFF1C5A3257}.Debug|x86.Build.0 = Debug|Win32
		{534BACEE-5769-4EFB-A314-5FFF1C5A3257}.Release|x64.ActiveCfg = Release|x64
		{534BACEE-5769-4EFB-A314-5FFF1C5A3257}.Release|x64.Build.0 = Release|x64
		{534BACEE-5769-4EFB-A314-5FFF1C5A3257}.Release|x86.ActiveCfg = Release|Win32
		{534BACEE-5769-4EFB-A314-5FFF1C5A3257}.Release|x86.Build.0 = Release|Win32
		{D01D12C5-FC19-494E-AE3F-29DF8328BCC9}.Debug|x64.ActiveCfg = Debug|x64
		{D01D12C5-FC19-494E-AE3F-29DF8328BCC9}.Debug|x64.Build.0 = Debug|x64
		{D01D12C5-FC19-494E-AE3F-29DF8328BCC9}.Debug|x86.ActiveCfg = Debug|Win32
		{D01D12C5-FC19-494E-AE3F-29DF8328BCC9}.Debug|x86.Build.0 = Debug|Win32
		{D01D12C5-FC19-494E-AE3F-29DF8328BCC9}.Release|x64.ActiveCfg = Release|x64
		{D01D12C5-FC19-494E-AE3F-29DF8328BCC9}.Release|x64.Build.0 = Release|x64
		{D01D12C5-FC19-494E-AE3F-29DF8328BCC9}.Release|x86.ActiveCfg = Release|Win32
		{D01D12C5-FC19-494E-AE3F-29DF8328BCC9}.Release|x86.Build.0 = Release|Win32
		{402E262C-4EFD-4E74-A608-8485D405371B}.Debug|x64.ActiveCfg = Debug|x64
		{402E262C-4EFD-4E74-A608-8485D405371B}.Debug|x64.Build.0 = Debug|x64
		{402E262C-4EFD-4E74-A608-8485D405371B}.Debug|x86.ActiveCfg = Debug|Win32
		{402E262C-4EFD-4E74-A608-8485D405371B}.Debug|x86.Build.0 = Debug|Win32
		{402E262C-4EFD-4E74-A608-8485D405371B}.Release|x64.ActiveCfg = Release|x64
		{402E262C-4EFD-4E74-A608-8485D405371B}.Release|x64.Build.0 = Release|x64
		{402E262C-4EFD-4E74-A608-8485D405371B}.Release|x86.ActiveCfg = Release|Win32
		{402E262C-4EFD-4E74-A608-8485D405371B}.Release|x86.Build.0 = Release|Win32
		{A67B6B1E-A2DC-4AB5-9D32-25CA6D631C3E}.Debug|x64.ActiveCfg = Debug|x64
		{A67B6B1E-A2DC-4AB5-9D32-25CA6D631C3E}.Debug|x64.Build.0 = Debug|x64
		{A67B6B1E-A2DC-4AB5-9D32-25CA6D631C3E}.Debug|x86.ActiveCfg = Debug|Win32
		{A67B6B1E-A2DC-4AB5-9D32-25CA6D631C3E}.Debug|x86.Build.0 = Debug|Win32
		{A67B6B1E-A2DC-4AB5-9D32-25CA6D631C3E}.Release|x64.ActiveCfg = Release|x64
		{A67B6B1E-A2DC-4AB5-9D32-25CA6D631C3E}.Release|x64.Build.0 = Release|x64
		{A67B6B1E-A2DC-4AB5-9D32-25CA6D631C3E}.Release|x86.ActiveCfg = Release|Win32
		{A67B6B1E-A2DC-4AB5-9D32-25CA6D631C3E}.Release|x86.Build.0 = Release|Win32
		{8978AAF9-4241-48A0-8959-9018537EDDDE}.Debug|x64.ActiveCfg = Debug|x64
		{8978AAF9-4241-48A0-8959-9018537EDDDE}.Debug|x64.Build.0 = Debug|x64
		{8978AAF9-4241-48A0-8959-9018537EDDDE}.Debug|x86.ActiveCfg = Debug|Win32
		{8978AAF9-4241-48A0-8959-9018537EDDDE}.Debug|x86.Build.0 = Debug|Win32
		{8978AAF9-4241-48A0-8959-9018537EDDDE}.Release|x64.ActiveCfg = Release|x64
		{8978AAF9-4241-48A0-8959-9018537EDDDE}.Release|x64.Build.0 = Release|x64
		{8978AAF9-4241-48A0-8959-9018537EDDDE}.Release|x86.ActiveCfg = Release|Win32
		{8978AAF9-4241-48A0-8959-9018537EDDDE}.Release|x86.Build.0 = Release|Win32
		{1B7527B4-62D0-4598-86BA-093F0F69E975}.Debug|x64.ActiveCfg = Debug|x64
		{1B7527B4-62D0-4598-86BA-093F0F69E975}.Debug|x64.Build.0 = Debug|x64
		{1B7527B4-62D0-4598-86BA-093F0F69E975}.Debug|x86.ActiveCfg = Debug|Win32
		{1B7527B4-62D0-4598-86BA-093F0F69E975}.Debug|x86.Build.0 = Debug|Win32
		{1B7527B4-62D0-4598-86BA-093F0F69E975}.Release|x64.ActiveCfg = Release|x64
		{1B7527B4-62D0-4598-86BA-093F0F69E975}.Release|x64.Build.0 = Release|x64
		{1B7527B4-62D0-4598-86BA-093F0F69E975}.Release|x86.ActiveCfg = Release|Win32
		{1B7527B4-62D0-4598-86BA-093F0F69E975}.Release|x86.Build.0 = Release|Win32
		{796CF1FC-9731-4809-8022-E8D98A8CFDC2}.Debug|x64.ActiveCfg = Debug|x64
		{796CF1FC-9731-4809-8022-E8D98A8CFDC2}.Debug|x64.Build.0 = Debug|x64
		{796CF1FC-9731-4809-8022-E8D98A8CFDC2}.Debug|x86.ActiveCfg = Debug|Win32
		{796CF1FC-9731-4809-8022-E8D98A8CFDC2}.Debug|x86.Build.0 = Debug|Win32
		{796CF1FC-9731-4809-8022-E8D98A8CFDC2}.Release|x64.ActiveCfg = Release|x64
		{796CF1FC-9731-4809-8022-E8D98A8CFDC2}.Release|x64.Build.0 = Release|x64
		{796CF1FC-9731-4809-8022-E8D98A8CFDC2}.Release|x86.ActiveCfg = Release|Win32
		{796CF1FC-9731-4809-8022-E8D98A8CFDC2}.Release|x86.Build.0 = Release|Win32
		{5BFDEBB1-396A-43AA-ABE6-F4A659A3BECC}.Debug|x64.ActiveCfg = Debug|x64
		{5BFDEBB1-396A-43AA-ABE6-F4A659A3BECC}.Debug|x64.Build.0 = Debug|x64
		{5BFDEBB1-396A-43AA-ABE6-F4A659A3BECC}.Debug|x86.ActiveCfg = Debug|Win32
		{5BFDEBB1-396A-43AA-ABE6-F4A659A3BECC}.Debug|x86.Build.0 = Debug|Win32
		{5BFDEBB1-396A-43AA-ABE6-F4A659A3BECC}.Release|x64.ActiveCfg = Release|x64
		{5BFDEBB1-396A-43AA-ABE6-F4A659A3BECC}.Release|x64.Build.0 = Release|x64
		{5BFDEBB1-396A-43AA-ABE6-F4A659A3BECC}.Release|x86.ActiveCfg = Release|Win32
		{5BFDEBB1-396A-43AA-ABE6-F4A659A3BECC}.Release|x86.Build.0 = Release|Win32
		{C6787BDD-37B4-4C36-AD1D-6727CF714EF1}.Debug|x64.ActiveCfg = Debug|x64
		{C6787BDD-37B4-4C36-AD1D-6727CF714EF1}.Debug|x64.Build.0 = Debug|x64
		{C6787BDD-37B4-4C36-AD1D-6727CF714EF1}.Debug|x86.ActiveCfg = Debug|Win32
		{C6787BDD-37B4-4C36-AD1D-6727CF714EF1}.Debug|x86.Build.0 = Debug|Win32
		{C6787BDD-37B4-4C36-AD1D-6727CF714EF1}.Release|x64.ActiveCfg = Release|x64
		{C6787BDD-37B4-4C36-AD1D-6727CF714EF1}.Release|x64.Build.0 = Release|x64
		{C6787BDD-37B4-4C36-AD1D-6727CF714EF1}.Release|x86.ActiveCfg = Release|Win32
		{C6787BDD-37B4-4C36-AD1D-6727CF714EF1}.Release|x86.Build.0 = Release|Win32
		{9D4C441D-8C46-4555-A9CA-BAA463B9B557}.Debug|x64.ActiveCfg = Debug|x64
		{9D4C441D-8C46-4555-A9CA-BAA463B9B557}.Debug|x64.Build.0 = Debug|x64
		{9D4C441D-8C46-4555-A9CA-BAA463B9B557}.Debug|x86.ActiveCfg = Debug|Win32
		{9D4C441D-8C46-4555-A9CA-BAA463B9B557}.Debug|x86.Build.0 = Debug|Win32
		{9D4C441D-8C46-4555-A9CA-BAA463B9B557}.Release|x64.ActiveCfg = Release|x64
		{9D4C441D-8C46-4555-A9CA-BAA463B9B557}.Release|x64.Build.0 = Release|x64
		{9D4C441D-8C46-4555-A9CA-BAA463B9B557}.Release|x86.ActiveCfg = Release|Win32
		{9D4C441D-8C46-4555-A9CA-BAA463B9B557}.Release|x86.Build.0 = Release|Win32
		{DAEA96A8-41BA-48AD-97AC-971BB0E5F1DA}.Debug|x64.ActiveCfg = Debug|x64
		{DAEA96A8-41BA-48AD-97AC-971BB0E5F1DA}.Debug|x64.Build.0 = Debug|x64
		{DAEA96A8-41BA-48AD-97AC-971BB0E5F1DA}.Debug|x86.ActiveCfg = Debug|Win32
		{DAEA96A8-41BA-48AD-97AC-971BB0E5F1DA}.Debug|x86.Build.0 = Debug|Win32
		{DAEA96A8-41BA-48AD-97AC-971BB0E5F1DA}.Release|x64.ActiveCfg = Release|x64
		{DAEA96A8-41BA-48AD-97AC-971BB0E5F1DA}.Release|x64.Build.0 = Release|x64
		{DAEA96A8-41BA-48AD-97AC-971BB0E5F1DA}.Release|x86.ActiveCfg = Release|Win32
		{DAEA96A8-41BA-48AD-97AC-971BB0E5F1DA}.Release|x86.Build.0 = Release|Win32
		{DEA3AE74-B189-4ED9-BFB1-F56693EEECBB}.Debug|x64.ActiveCfg = Debug|x64
		{DEA3AE74-B189-4ED9-BFB1-F56693EEECBB}.Debug|x64.Build.0 = Debug|x64
		{DEA3AE74-B189-4ED9-BFB1-F56693EEECBB}.Debug|x86.ActiveCfg = Debug|Win32
		{DEA3AE74-B189-4ED9-BFB1-F56693EEECBB}.Debug|x86.Build.0 = Debug|Win32
		{DEA3AE74-B189-4ED9-BFB1-F56693EEECBB}.Release|x64.ActiveCfg = Release|x64
		{DEA3AE74-B189-4ED9-BFB1-F56693EEECBB}.Release|x64.Build.0 = Release|x64
		{DEA3AE74-B189-4ED9-BFB1-F56693EEECBB}.Release|x86.ActiveCfg = Release|Win32
		{DEA3AE74-B189-4ED9-BFB1-F56693EEECBB}.Release|x86.Build.0 = Release|Win32
		{11EE5961-D0A1-42D2-8257-FE7E05C5CF81}.Debug|x64.ActiveCfg = Debug|x64
		{11EE5961-D0A1-42D2-8257-FE7E05C5CF81}.Debug|x64.Build.0 = Debug|x64
		{11EE5961-D0A1-42D2-8257-FE7E05C5CF81}.Debug|x86.ActiveCfg = Debug|Win32
		{11EE5961-D0A1-42D2-8257-FE7E05C5CF81}.Debug|x86.Build.0 = Debug|Win32
		{11EE5961-D0A1-42D2-8257-FE7E05C5CF81}.Release|x64.ActiveCfg = Release|x64
		{11EE5961-D0A1-42D2-8257-FE7E05C5CF81}.Release|x64.Build.0 = Release|x64
		{11EE5961-D0A1-42D2-8257-FE7E05C5CF81}.Release|x86.ActiveCfg = Release|Win32
		{11EE5961-D0A1-42D2-8257-FE7E05C5CF81}.Release|x86.Build.0 = Release|Win32
		{D1EF2ECA-83AD-44BF-80D8-225DBA8899CB}.Debug|x64.ActiveCfg = Debug|x64
		{D1EF2ECA-83AD-44BF-80D8-225DBA8899CB}.Debug|x64.Build.0 = Debug|x64
		{D1EF2ECA-83AD-44BF-80D8-225DBA8899CB}.Debug|x86.ActiveCfg = Debug|Win32
		{D1EF2ECA-83AD-44BF-80D8-225DBA8899CB}.Debug|x86.Build.0 = Debug|Win32
		{D1EF2ECA-83AD-44BF-80D8-225DBA8899CB}.Release|x64.ActiveCfg = Release|x64
		{D1EF2ECA-83AD-44BF-80D8-225DBA8899CB}.Release|x64.Build.0 = Release|x64
		{D1EF2ECA-83AD-44BF-80D8-225DBA8899CB}.Release|x86.ActiveCfg = Release|Win32
		{D1EF2ECA-83AD-44BF-80D8-225DBA8899CB}.Release|x86.Build.0 = Release|Win32
		{8159F1AE-38D9-4F9C-B3E0-3663CC2A6388}.Debug|x64.ActiveCfg = Debug|x64
		{8159F1AE-38D9-4F9C-B3E0-3663CC2A6388}.Debug|x64.Build.0 = Debug|x64
		{8159F1AE-38D9-4F9C-B3E0-3663CC2A6388}.Debug|x86.ActiveCfg = Debug|Win32
		{8159F1AE-38D9-4F9C-B3E0-3663CC2A6388}.Debug|x86.Build.0 = Debug|Win32
		{8159F1AE-38D9-4F9C-B3E0-3663CC2A6388}.Release|x64.ActiveCfg = Release|x64
		{8159F1AE-38D9-4F9C-B3E0-3663CC2A6388}.Release|x64.Build.0 = Release|x64
		{8159F1AE-38D9-4F9C-B3E0-3663CC2A6388}.Release|x86.ActiveCfg = Release|Win32
		{8159F1AE-38D9-4F9C-B3E0-3663CC2A6388}.Release|x86.Build.0 = Release|Win32
		{F04550A3-43D7-464A-BD9A-9D13C1D8604D}.Debug|x64.ActiveCfg = Debug|x64
		{F04550A3-43D7-464A-BD9A-9D13C1D8604D}.Debug|x64.Build.0 = Debug|x64
		{F04550A3-43D7-464A-BD9A-9D13C1D8604D}.Debug|x86.ActiveCfg = Debug|Win32
		{F04550A3-43D7-464A-BD9A-9D13C1D8604D}.Debug|x86.Build.0 = Debug|Win32
		{F04550A3-43D7-464A-BD9A-9D13C1D8604D}.Release|x64.ActiveCfg = Release|x64
		{F04550A3-43D7-464A-BD9A-9D13C1D8604D}.Release|x64.Build.0 = Release|x64
		{F04550A3-43D7-464A-BD9A-9D13C1D8604D}.Release|x86.ActiveCfg = Release|Win32
		{F04550A3-43D7-464A-BD9A-9D13C1D8604D}.Release|x86.Build.0 = Release|Win32
		{80DC73D0-B265-4F5F-9295-7A0DF1FBC579}.Debug|x64.ActiveCfg = Debug|x64
		{80DC73D0-B265-4F5F-9295-7A0DF1FBC579}.Debug|x64.Build.0 = Debug|x64
		{80DC73D0-B265-4F5F-9295-7A0DF1FBC579}.Debug|x86.ActiveCfg = Debug|Win32
		{80DC73D0-B265-4F5F-9295-7A0DF1FBC579}.Debug|x86.Build.0 = Debug|Win32
		{80DC73D0-B265-4F5F-9295-7A0DF1FBC579}.Release|x64.ActiveCfg = Release|x64
		{80DC73D0-B265-4F5F-9295-7A0DF1FBC579}.Release|x64.Build.0 = Release|x64
		{80DC73D0-B265-4F5F-9295-7A0DF1FBC579}.Release|x86.ActiveCfg = Release|Win32
		{80DC73D0-B265-4F5F-9295-7A0DF1FBC579}.Release|x86.Build.0 = Release|Win32
		{B742624A-DC75-4712-B223-E79EDAAB07A4}.Debug|x64.ActiveCfg = Debug|x64
		{B742624A-DC75-4712-B223-E79EDAAB07A4}.Debug|x64.Build.0 = Debug|x64
		{B742624A-DC75-4712-B223-E79EDAAB07A4}.Debug|x86.ActiveCfg = Debug|Win32
		{B742624A-DC75-4712-B223-E79EDAAB07A4}.Debug|x86.Build.0 = Debug|Win32
		{B742624A-DC75-4712-B223-E79EDAAB07A4}.Release|x64.ActiveCfg = Release|x64
		{B742624A-DC75-4712-B223-E79EDAAB07A4}.Release|x64.Build.0 = Release|x64
		{B742624A-DC75-4712-B223-E79EDAAB07A4}.Release|x86.ActiveCfg = Release|Win32
		{B742624A-DC75-4712-B223-E79EDAAB07A4}.Release|x86.Build.0 = Release|Win32
		{81A41B9D-A71B-4682-948F-56244C064B1F}.Debug|x64.ActiveCfg = Debug|x64
		{81A41B9D-A71B-4682-948F-56244C064B1F}.Debug|x64.Build.0 = Debug|x64
		{81A41B9D-A71B-4682-948F-56244C064B1F}.Debug|x86.ActiveCfg = Debug|Win32
		{81A41B9D-A71B-4682-948F-56244C064B1F}.Debug|x86.Build.0 = Debug|Win32
		{81A41B9D-A71B-4682-948F-56244C064B1F}.Release|x64.ActiveCfg = Release|x64
		{81A41B9D-A71B-4682-948F-56244C064B1F}.Release|x64.Build.0 = Release|x64
		{81A41B9D-A71B-4682-948F-56244C064B1F}.Release|x86.ActiveCfg = Release|Win32
		{81A41B9D-A71B-4682-948F-56244C064B1F}.Release|x86.Build.0 = Release|Win32
		{6665DB4B-F146-46C2-824D-C124FD09FC6C}.Debug|x64.ActiveCfg = Debug|x64
		{6665DB4B-F146-46C2-824D-C124FD09FC6C}.Debug|x64.Build.0 = Debug|x64
		{6665DB4B-F146-46C2-824D-C124FD09FC6C}.Debug|x86.ActiveCfg = Debug|Win32
		{6665DB4B-F146-46C2-824D-C124FD09FC6C}.Debug|x86.Build.0 = Debug|Win32
		{6665DB4B-F146-46C2-824D-C124FD09FC6C}.Release|x64.ActiveCfg = Release|x64
		{6665DB4B-F146-46C2-824D-C124FD09FC6C}.Release|x64.Build.0 = Release|x64
		{6665DB4B-F146-46C2-824D-C124FD09FC6C}.Release|x86.ActiveCfg = Release|Win32
		{6665DB4B-F146-46C2-824D-C124FD09FC6C}.Release|x86.Build.0 = Release|Win32
		{7888D505-CCE1-4CB6-90D7-E677A66DAD8E}.Debug|x64.ActiveCfg = Debug|x64
		{7888D505-CCE1-4CB6-90D7-E677A66DAD8E}.Debug|x64.Build.0 = Debug|x64
		{7888D505-CCE1-4CB6-90D7-E677A66DAD8E}.Debug|x86.ActiveCfg = Debug|Win32
		{7888D505-CCE1-4CB6-90D7-E677A66DAD8E}.Debug|x86.Build.0 = Debug|Win32
		{7888D505-CCE1-4CB6-90D7-E677A66DAD8E}.Release|x64.ActiveCfg = Release|x64
		{7888D505-CCE1-4CB6-90D7-E677A66DAD8E}.Release|x64.Build.0 = Release|x64
		{7888D505-CCE1-4CB6-90D7-E677A66DAD8E}.Release|x86.ActiveCfg = Release|Win32
		{7888D505-CCE1-4CB6-90D7-E677A66DAD8E}.Release|x86.Build.0 = Release|Win32
		{01961AF5-2ECB-4DA4-B47D-2EA4889AC19E}.Debug|x64.ActiveCfg = Debug|x64
		{01961AF5-2ECB-4DA4-B47D-2EA4889AC19E}.Debug|x64.Build.0 = Debug|x64
		{01961AF5-2ECB-4DA4-B47D-2EA4889AC19E}.Debug|x86.ActiveCfg = Debug|Win32
		{01961AF5-2ECB-4DA4-B47D-2EA4889AC19E}.Debug|x86.Build.0 = Debug|Win32
		{01961AF5-2ECB-4DA4-B47D-2EA4889AC19E}.Release|x64.ActiveCfg = Release|x64
		{01961AF5-2ECB-4DA4-B47D-2EA4889AC19E}.Release|x64.Build.0 = Release|x64
		{01961AF5-2ECB-4DA4-B47D-2EA4889AC19E}.Release|x86.ActiveCfg = Release|Win32
		{01961AF5-2ECB-4DA4-B47D-2EA4889AC19E}.Release|x86.Build.0 = Release|Win32
		{0BE7D75B-A22F-49D7-87C4-E5BFE9FB12B6}.Debug|x64.ActiveCfg = Debug|x64
		{0BE7D75B-A22F-49D7-87C4-E5BFE9FB12B6}.Debug|x64.Build.0 = Debug|x64
		{0BE7D75B-A22F-49D7-87C4-E5BFE9FB12B6}.Debug|x86.ActiveCfg = Debug|Win32
		{0BE7D75B-A22F-49D7-87C4-E5BFE9FB12B6}.Debug|x86.Build.0 = Debug|Win32
		{0BE7D75B-A22F-49D7-87C4-E5BFE9FB12B6}.Release|x64.ActiveCfg = Release|x64
		{0BE7D75B-A22F-49D7-87C4-E5BFE9FB12B6}.Release|x64.Build.0 = Release|x64
		{0BE7D75B-A22F-49D7-87C4-E5BFE9FB12B6}.Release|x86.ActiveCfg = Release|Win32
		{0BE7D75B-A22F-49D7-87C4-E5BFE9FB12B6}.Release|x86.Build.0 = Release|Win32
	EndGlobalSection
	GlobalSection(SolutionProperties) = preSolution
		HideSolutionNode = FALSE
	EndGlobalSection
	GlobalSection(ExtensibilityGlobals) = postSolution
		SolutionGuid = {AD0D371D-4DDA-413A-A5F3-71DAC2630965}
	EndGlobalSection
EndGlobal
